hash: f9f186b771905f3f918156412cff946e4d64b8a3da607705d471692448c070c4
updated: 2016-11-08T00:11:53.926344437+01:00
imports:
- name: github.com/golang/glog
  version: 23def4e6c14b4da8ac2ed8007337bc5eb5007998
- name: github.com/golang/protobuf
  version: 2bc9827a78f95c6665b5fe0abd1fd66b496ae2d8
  subpackages:
  - jsonpb
  - proto
  - protoc-gen-go/descriptor
- name: github.com/grpc-ecosystem/grpc-gateway
  version: a8f25bd1ab549f8b87afd48aa9181221e9d439bb
  subpackages:
  - api
  - runtime
  - runtime/internal
  - third_party/googleapis/google/api
  - utilities
- name: golang.org/x/net
  version: 55a3084c9119aeb9ba2437d595b0a7e9cb635da9
  subpackages:
  - context
  - http2
  - http2/hpack
  - idna
  - internal/timeseries
  - lex/httplex
  - trace
- name: google.golang.org/grpc
  version: 777daa17ff9b5daef1cfdf915088a2ada3332bf0
  subpackages:
  - codes
  - credentials
  - grpclog
  - internal
  - metadata
  - naming
  - peer
  - transport
testImports: []
